
Microsoft Visual Studio Solution File, Format Version 12.00
# Visual Studio Version 17
VisualStudioVersion = 17.7.34031.279
MinimumVisualStudioVersion = 10.0.40219.1
Project("{FAE04EC0-301F-11D3-BF4B-00C04F79EFBC}") = "communication-services-recording", "communication-services-recording.csproj", "{EF690881-C0EE-4910-99A6-54F26681D933}"
EndProject
Global
	GlobalSection(SolutionConfigurationPlatforms) = preSolution
		Debug|Any CPU = Debug|Any CPU
		Release|Any CPU = Release|Any CPU
	EndGlobalSection
	GlobalSection(ProjectConfigurationPlatforms) = postSolution
		{EF690881-C0EE-4910-99A6-54F26681D933}.Debug|Any CPU.ActiveCfg = Debug|Any CPU
		{EF690881-C0EE-4910-99A6-54F26681D933}.Debug|Any CPU.Build.0 = Debug|Any CPU
		{EF690881-C0EE-4910-99A6-54F26681D933}.Release|Any CPU.ActiveCfg = Release|Any CPU
		{EF690881-C0EE-4910-99A6-54F26681D933}.Release|Any CPU.Build.0 = Release|Any CPU
	EndGlobalSection
	GlobalSection(SolutionProperties) = preSolution
		HideSolutionNode = FALSE
	EndGlobalSection
	GlobalSection(ExtensibilityGlobals) = postSolution
		SolutionGuid = {3B2F2A92-6EF0-4DAC-8C2C-B894290C9932}
	EndGlobalSection
EndGlobal
